
Microsoft Visual Studio Solution File, Format Version 12.00
# Visual Studio Version 17
VisualStudioVersion = 17.11.35222.181
MinimumVisualStudioVersion = 10.0.40219.1
Project("{FAE04EC0-301F-11D3-BF4B-00C04F79EFBC}") = "AppLogin", "AppLogin.csproj", "{36E2BBF3-6689-412E-BBE6-EEF3EEB3283E}"
EndProject
Global
	GlobalSection(SolutionConfigurationPlatforms) = preSolution
		Debug|Any CPU = Debug|Any CPU
		Release|Any CPU = Release|Any CPU
	EndGlobalSection
	GlobalSection(ProjectConfigurationPlatforms) = postSolution
		{36E2BBF3-6689-412E-BBE6-EEF3EEB3283E}.Debug|Any CPU.ActiveCfg = Debug|Any CPU
		{36E2BBF3-6689-412E-BBE6-EEF3EEB3283E}.Debug|Any CPU.Build.0 = Debug|Any CPU
		{36E2BBF3-6689-412E-BBE6-EEF3EEB3283E}.Release|Any CPU.ActiveCfg = Release|Any CPU
		{36E2BBF3-6689-412E-BBE6-EEF3EEB3283E}.Release|Any CPU.Build.0 = Release|Any CPU
	EndGlobalSection
	GlobalSection(SolutionProperties) = preSolution
		HideSolutionNode = FALSE
	EndGlobalSection
	GlobalSection(ExtensibilityGlobals) = postSolution
		SolutionGuid = {5CC633B8-20D1-4356-8A29-3776CB2813B2}
	EndGlobalSection
EndGlobal
